{
  "name": "be-sidelined",
  "version": "0.0.0",
  "lockfileVersion": 2,
  "requires": true,
  "packages": {
    "": {
      "name": "be-sidelined",
      "version": "0.0.0",
      "license": "MIT",
      "dependencies": {
        "be-decorated": "0.0.147",
        "be-hive": "0.0.57"
      }
    },
    "node_modules/be-decorated": {
      "version": "0.0.147",
      "resolved": "https://registry.npmjs.org/be-decorated/-/be-decorated-0.0.147.tgz",
      "integrity": "sha512-q0ofPfsObEiTrnXHlH8LCy1YbLWWInDkhXR2yOv08oOdVWyg4t/+qQGgjjLN8+G3u5xRpUhTcBAIcGrH4qLFQQ==",
      "dependencies": {
        "trans-render": "0.0.578",
        "xtal-element": "0.0.514"
      }
    },
    "node_modules/be-hive": {
      "version": "0.0.57",
      "resolved": "https://registry.npmjs.org/be-hive/-/be-hive-0.0.57.tgz",
      "integrity": "sha512-UsVKccX3vQWvVo0YGJ2jp9stBWk8UW5TwB4WMBj6BArYO9aXiPzfldyBwKEw4YA4KnhGtWZqU560yC9eZX9mrA==",
      "dependencies": {
        "trans-render": "0.0.578"
      }
    },
    "node_modules/trans-render": {
      "version": "0.0.578",
      "resolved": "https://registry.npmjs.org/trans-render/-/trans-render-0.0.578.tgz",
      "integrity": "sha512-lYK3RoUAeJo17d4bl3tyz7Y0hPIxls2YS+0WgxPsOxooWqF680ZkDZ7CRAYkIi80yM0leKCmw0rCE3VI0tDfnA=="
    },
    "node_modules/xtal-element": {
      "version": "0.0.514",
      "resolved": "https://registry.npmjs.org/xtal-element/-/xtal-element-0.0.514.tgz",
      "integrity": "sha512-W+mLlj5LWfWSEgHh22tuiMTNu/M5dTJEDCF7bdFpQ4wLNE/4kd0IbT9Gr7yBgzBB8/HAWYbjr9hnuLxT9Bxc8w==",
      "dependencies": {
        "trans-render": "0.0.578"
      }
    }
  },
  "dependencies": {
    "be-decorated": {
      "version": "0.0.147",
      "resolved": "https://registry.npmjs.org/be-decorated/-/be-decorated-0.0.147.tgz",
      "integrity": "sha512-q0ofPfsObEiTrnXHlH8LCy1YbLWWInDkhXR2yOv08oOdVWyg4t/+qQGgjjLN8+G3u5xRpUhTcBAIcGrH4qLFQQ==",
      "requires": {
        "trans-render": "0.0.578",
        "xtal-element": "0.0.514"
      }
    },
    "be-hive": {
      "version": "0.0.57",
      "resolved": "https://registry.npmjs.org/be-hive/-/be-hive-0.0.57.tgz",
      "integrity": "sha512-UsVKccX3vQWvVo0YGJ2jp9stBWk8UW5TwB4WMBj6BArYO9aXiPzfldyBwKEw4YA4KnhGtWZqU560yC9eZX9mrA==",
      "requires": {
        "trans-render": "0.0.578"
      }
    },
    "trans-render": {
      "version": "0.0.578",
      "resolved": "https://registry.npmjs.org/trans-render/-/trans-render-0.0.578.tgz",
      "integrity": "sha512-lYK3RoUAeJo17d4bl3tyz7Y0hPIxls2YS+0WgxPsOxooWqF680ZkDZ7CRAYkIi80yM0leKCmw0rCE3VI0tDfnA=="
    },
    "xtal-element": {
      "version": "0.0.514",
      "resolved": "https://registry.npmjs.org/xtal-element/-/xtal-element-0.0.514.tgz",
      "integrity": "sha512-W+mLlj5LWfWSEgHh22tuiMTNu/M5dTJEDCF7bdFpQ4wLNE/4kd0IbT9Gr7yBgzBB8/HAWYbjr9hnuLxT9Bxc8w==",
      "requires": {
        "trans-render": "0.0.578"
      }
    }
  }
}
